{
  "nodes": {
    "nixos-hardware": {
      "locked": {
        "lastModified": 1762371679,
        "narHash": "sha256-VjZLHnj9tqFRigpD6SJtTKmQsys77jCX5YcnmMnUqH8=",
        "owner": "NixOS",
        "repo": "nixos-hardware",
        "rev": "e4c6ee69e710805a15a3da905214a25618271609",
        "type": "github"
      },
      "original": {
        "owner": "NixOS",
        "ref": "master",
        "repo": "nixos-hardware",
        "type": "github"
      }
    },
    "nixpkgs": {
      "locked": {
        "lastModified": 1762233356,
        "narHash": "sha256-cGS3lLTYusbEP/IJIWGgnkzIl+FA5xDvtiHyjalGr4k=",
        "owner": "NixOS",
        "repo": "nixpkgs",
        "rev": "ca534a76c4afb2bdc07b681dbc11b453bab21af8",
        "type": "github"
      },
      "original": {
        "id": "nixpkgs",
        "ref": "nixos-25.05",
        "type": "indirect"
      }
    },
    "root": {
      "inputs": {
        "nixos-hardware": "nixos-hardware",
        "nixpkgs": "nixpkgs"
      }
    }
  },
  "root": "root",
  "version": 7
}
